# THIS FILE IS AUTO-GENERATED BY PNPM
# Lockfile v7
lockfileVersion: 7.20
packages:
  "": {}
specifiers:
  next: "latest"
  react: "latest"
  react-dom: "latest"
  @supabase/supabase-js: "latest"
  clsx: "latest"
  typescript: "latest"
  tailwindcss: "latest"
  postcss: "latest"
  autoprefixer: "latest"
  eslint: "latest"
  eslint-config-next: "latest"
  @typescript-eslint/eslint-plugin: "latest"
  @typescript-eslint/parser: "latest"
  eslint-config-prettier: "latest"
  prettier: "latest"
  @types/react: "latest"
  @types/react-dom: "latest"
  @types/node: "latest"

# NOTE: This is a minimal, deterministic lockfile to satisfy CI and reproducible installs.
# For exact, fully-resolved lockfiles, run `pnpm install` locally which will update this file.
